
Microsoft Visual Studio Solution File, Format Version 12.00
# Visual Studio 15
VisualStudioVersion = 15.0.28307.438
MinimumVisualStudioVersion = 10.0.40219.1
Project("{8BC9CEB8-8B4A-11D0-8D11-00A0C91BC942}") = "Platformer", "Platformer\Platformer.vcxproj", "{6CC40B5A-BC6C-47B8-8725-517617BEBE29}"
EndProject
Global
	GlobalSection(SolutionConfigurationPlatforms) = preSolution
		Debug|x64 = Debug|x64
		Debug|x86 = Debug|x86
		Release|x64 = Release|x64
		Release|x86 = Release|x86
	EndGlobalSection
	GlobalSection(ProjectConfigurationPlatforms) = postSolution
		{6CC40B5A-BC6C-47B8-8725-517617BEBE29}.Debug|x64.ActiveCfg = Debug|x64
		{6CC40B5A-BC6C-47B8-8725-517617BEBE29}.Debug|x64.Build.0 = Debug|x64
		{6CC40B5A-BC6C-47B8-8725-517617BEBE29}.Debug|x86.ActiveCfg = Debug|Win32
		{6CC40B5A-BC6C-47B8-8725-517617BEBE29}.Debug|x86.Build.0 = Debug|Win32
		{6CC40B5A-BC6C-47B8-8725-517617BEBE29}.Release|x64.ActiveCfg = Release|x64
		{6CC40B5A-BC6C-47B8-8725-517617BEBE29}.Release|x64.Build.0 = Release|x64
		{6CC40B5A-BC6C-47B8-8725-517617BEBE29}.Release|x86.ActiveCfg = Release|Win32
		{6CC40B5A-BC6C-47B8-8725-517617BEBE29}.Release|x86.Build.0 = Release|Win32
	EndGlobalSection
	GlobalSection(SolutionProperties) = preSolution
		HideSolutionNode = FALSE
	EndGlobalSection
	GlobalSection(ExtensibilityGlobals) = postSolution
		SolutionGuid = {A09AE9A8-654B-424E-90FC-FE8C388E8648}
	EndGlobalSection
EndGlobal
